
Microsoft Visual Studio Solution File, Format Version 12.00
# Visual Studio Version 17
VisualStudioVersion = 17.0.31903.59
MinimumVisualStudioVersion = 10.0.40219.1
Project("{2150E333-8FDC-42A3-9474-1A3956D46DE8}") = "src", "src", "{0F28C6CB-F041-4562-B3D5-B621343F679F}"
EndProject
Project("{FAE04EC0-301F-11D3-BF4B-00C04F79EFBC}") = "Search", "src\Search\Search.csproj", "{9E23AF5A-0F2A-4AC1-8D21-90C92BC61721}"
EndProject
Global
	GlobalSection(SolutionConfigurationPlatforms) = preSolution
		Debug|Any CPU = Debug|Any CPU
		Release|Any CPU = Release|Any CPU
	EndGlobalSection
	GlobalSection(ProjectConfigurationPlatforms) = postSolution
		{9E23AF5A-0F2A-4AC1-8D21-90C92BC61721}.Debug|Any CPU.ActiveCfg = Debug|Any CPU
		{9E23AF5A-0F2A-4AC1-8D21-90C92BC61721}.Debug|Any CPU.Build.0 = Debug|Any CPU
		{9E23AF5A-0F2A-4AC1-8D21-90C92BC61721}.Release|Any CPU.ActiveCfg = Release|Any CPU
		{9E23AF5A-0F2A-4AC1-8D21-90C92BC61721}.Release|Any CPU.Build.0 = Release|Any CPU
	EndGlobalSection
	GlobalSection(SolutionProperties) = preSolution
		HideSolutionNode = FALSE
	EndGlobalSection
	GlobalSection(NestedProjects) = preSolution
		{9E23AF5A-0F2A-4AC1-8D21-90C92BC61721} = {0F28C6CB-F041-4562-B3D5-B621343F679F}
	EndGlobalSection
EndGlobal
